
Microsoft Visual Studio Solution File, Format Version 12.00
# Visual Studio Version 16
VisualStudioVersion = 16.0.30114.105
MinimumVisualStudioVersion = 10.0.40219.1
Project("{2150E333-8FDC-42A3-9474-1A3956D46DE8}") = "mods", "mods", "{9E37D60B-4B6A-4575-BEC8-7B857A069441}"
EndProject
Project("{FAE04EC0-301F-11D3-BF4B-00C04F79EFBC}") = "BossTracker", "mods\BossTracker\BossTracker.csproj", "{B443EF2D-8D51-42CA-8829-A2B7F1947F7D}"
EndProject
Project("{FAE04EC0-301F-11D3-BF4B-00C04F79EFBC}") = "MapEnhancer", "mods\MapEnhancer\MapEnhancer.csproj", "{BBD830F9-767F-4ECF-8CAE-67C07B42666C}"
EndProject
Project("{FAE04EC0-301F-11D3-BF4B-00C04F79EFBC}") = "MonsterRespawner", "mods\MonsterRespawner\MonsterRespawner.csproj", "{C8E4F2A1-9B6D-4C3E-A7F8-5D8E9C1B4A3F}"
EndProject
Project("{FAE04EC0-301F-11D3-BF4B-00C04F79EFBC}") = "MapTeleporter", "mods\MapTeleporter\MapTeleporter.csproj", "{D9F5B3E2-7C8F-4A6D-9E1A-4B2C8D5F6A7E}"
EndProject
Project("{FAE04EC0-301F-11D3-BF4B-00C04F79EFBC}") = "DataExporter", "mods\DataExporter\DataExporter.csproj", "{A1B2C3D4-E5F6-4A7B-8C9D-0E1F2A3B4C5D}"
EndProject
Project("{FAE04EC0-301F-11D3-BF4B-00C04F79EFBC}") = "HierarchyLogger", "mods\HierarchyLogger\HierarchyLogger.csproj", "{F1E2D3C4-B5A6-4978-8C9D-0E1F2A3B4C5E}"
EndProject
Project("{FAE04EC0-301F-11D3-BF4B-00C04F79EFBC}") = "MapScreenshotter", "mods\MapScreenshotter\MapScreenshotter.csproj", "{E1D2C3B4-A596-4877-9C8D-1E0F3A2B5C4F}"
EndProject
Project("{FAE04EC0-301F-11D3-BF4B-00C04F79EFBC}") = "build-tool", "build-tool\build-tool.csproj", "{1E4AAE36-FB59-4B6A-B117-3795A4CC2C1F}"
EndProject
Project("{FAE04EC0-301F-11D3-BF4B-00C04F79EFBC}") = "ResourceRespawner", "mods\ResourceRespawner\ResourceRespawner.csproj", "{3D9333ED-213F-4A95-A650-94D450BA0243}"
EndProject
Global
	GlobalSection(SolutionConfigurationPlatforms) = preSolution
		Debug|Any CPU = Debug|Any CPU
		Debug|x64 = Debug|x64
		Debug|x86 = Debug|x86
		Release|Any CPU = Release|Any CPU
		Release|x64 = Release|x64
		Release|x86 = Release|x86
	EndGlobalSection
	GlobalSection(ProjectConfigurationPlatforms) = postSolution
		{B443EF2D-8D51-42CA-8829-A2B7F1947F7D}.Debug|Any CPU.ActiveCfg = Debug|Any CPU
		{B443EF2D-8D51-42CA-8829-A2B7F1947F7D}.Debug|Any CPU.Build.0 = Debug|Any CPU
		{B443EF2D-8D51-42CA-8829-A2B7F1947F7D}.Debug|x64.ActiveCfg = Debug|Any CPU
		{B443EF2D-8D51-42CA-8829-A2B7F1947F7D}.Debug|x64.Build.0 = Debug|Any CPU
		{B443EF2D-8D51-42CA-8829-A2B7F1947F7D}.Debug|x86.ActiveCfg = Debug|Any CPU
		{B443EF2D-8D51-42CA-8829-A2B7F1947F7D}.Debug|x86.Build.0 = Debug|Any CPU
		{B443EF2D-8D51-42CA-8829-A2B7F1947F7D}.Release|Any CPU.ActiveCfg = Release|Any CPU
		{B443EF2D-8D51-42CA-8829-A2B7F1947F7D}.Release|Any CPU.Build.0 = Release|Any CPU
		{B443EF2D-8D51-42CA-8829-A2B7F1947F7D}.Release|x64.ActiveCfg = Release|Any CPU
		{B443EF2D-8D51-42CA-8829-A2B7F1947F7D}.Release|x64.Build.0 = Release|Any CPU
		{B443EF2D-8D51-42CA-8829-A2B7F1947F7D}.Release|x86.ActiveCfg = Release|Any CPU
		{B443EF2D-8D51-42CA-8829-A2B7F1947F7D}.Release|x86.Build.0 = Release|Any CPU
		{BBD830F9-767F-4ECF-8CAE-67C07B42666C}.Debug|Any CPU.ActiveCfg = Debug|Any CPU
		{BBD830F9-767F-4ECF-8CAE-67C07B42666C}.Debug|Any CPU.Build.0 = Debug|Any CPU
		{BBD830F9-767F-4ECF-8CAE-67C07B42666C}.Debug|x64.ActiveCfg = Debug|Any CPU
		{BBD830F9-767F-4ECF-8CAE-67C07B42666C}.Debug|x64.Build.0 = Debug|Any CPU
		{BBD830F9-767F-4ECF-8CAE-67C07B42666C}.Debug|x86.ActiveCfg = Debug|Any CPU
		{BBD830F9-767F-4ECF-8CAE-67C07B42666C}.Debug|x86.Build.0 = Debug|Any CPU
		{BBD830F9-767F-4ECF-8CAE-67C07B42666C}.Release|Any CPU.ActiveCfg = Release|Any CPU
		{BBD830F9-767F-4ECF-8CAE-67C07B42666C}.Release|Any CPU.Build.0 = Release|Any CPU
		{BBD830F9-767F-4ECF-8CAE-67C07B42666C}.Release|x64.ActiveCfg = Release|Any CPU
		{BBD830F9-767F-4ECF-8CAE-67C07B42666C}.Release|x64.Build.0 = Release|Any CPU
		{BBD830F9-767F-4ECF-8CAE-67C07B42666C}.Release|x86.ActiveCfg = Release|Any CPU
		{BBD830F9-767F-4ECF-8CAE-67C07B42666C}.Release|x86.Build.0 = Release|Any CPU
		{C8E4F2A1-9B6D-4C3E-A7F8-5D8E9C1B4A3F}.Debug|Any CPU.ActiveCfg = Debug|Any CPU
		{C8E4F2A1-9B6D-4C3E-A7F8-5D8E9C1B4A3F}.Debug|Any CPU.Build.0 = Debug|Any CPU
		{C8E4F2A1-9B6D-4C3E-A7F8-5D8E9C1B4A3F}.Debug|x64.ActiveCfg = Debug|Any CPU
		{C8E4F2A1-9B6D-4C3E-A7F8-5D8E9C1B4A3F}.Debug|x64.Build.0 = Debug|Any CPU
		{C8E4F2A1-9B6D-4C3E-A7F8-5D8E9C1B4A3F}.Debug|x86.ActiveCfg = Debug|Any CPU
		{C8E4F2A1-9B6D-4C3E-A7F8-5D8E9C1B4A3F}.Debug|x86.Build.0 = Debug|Any CPU
		{C8E4F2A1-9B6D-4C3E-A7F8-5D8E9C1B4A3F}.Release|Any CPU.ActiveCfg = Release|Any CPU
		{C8E4F2A1-9B6D-4C3E-A7F8-5D8E9C1B4A3F}.Release|Any CPU.Build.0 = Release|Any CPU
		{C8E4F2A1-9B6D-4C3E-A7F8-5D8E9C1B4A3F}.Release|x64.ActiveCfg = Release|Any CPU
		{C8E4F2A1-9B6D-4C3E-A7F8-5D8E9C1B4A3F}.Release|x64.Build.0 = Release|Any CPU
		{C8E4F2A1-9B6D-4C3E-A7F8-5D8E9C1B4A3F}.Release|x86.ActiveCfg = Release|Any CPU
		{C8E4F2A1-9B6D-4C3E-A7F8-5D8E9C1B4A3F}.Release|x86.Build.0 = Release|Any CPU
		{D9F5B3E2-7C8F-4A6D-9E1A-4B2C8D5F6A7E}.Debug|Any CPU.ActiveCfg = Debug|Any CPU
		{D9F5B3E2-7C8F-4A6D-9E1A-4B2C8D5F6A7E}.Debug|Any CPU.Build.0 = Debug|Any CPU
		{D9F5B3E2-7C8F-4A6D-9E1A-4B2C8D5F6A7E}.Debug|x64.ActiveCfg = Debug|Any CPU
		{D9F5B3E2-7C8F-4A6D-9E1A-4B2C8D5F6A7E}.Debug|x64.Build.0 = Debug|Any CPU
		{D9F5B3E2-7C8F-4A6D-9E1A-4B2C8D5F6A7E}.Debug|x86.ActiveCfg = Debug|Any CPU
		{D9F5B3E2-7C8F-4A6D-9E1A-4B2C8D5F6A7E}.Debug|x86.Build.0 = Debug|Any CPU
		{D9F5B3E2-7C8F-4A6D-9E1A-4B2C8D5F6A7E}.Release|Any CPU.ActiveCfg = Release|Any CPU
		{D9F5B3E2-7C8F-4A6D-9E1A-4B2C8D5F6A7E}.Release|Any CPU.Build.0 = Release|Any CPU
		{D9F5B3E2-7C8F-4A6D-9E1A-4B2C8D5F6A7E}.Release|x64.ActiveCfg = Release|Any CPU
		{D9F5B3E2-7C8F-4A6D-9E1A-4B2C8D5F6A7E}.Release|x64.Build.0 = Release|Any CPU
		{D9F5B3E2-7C8F-4A6D-9E1A-4B2C8D5F6A7E}.Release|x86.ActiveCfg = Release|Any CPU
		{D9F5B3E2-7C8F-4A6D-9E1A-4B2C8D5F6A7E}.Release|x86.Build.0 = Release|Any CPU
		{A1B2C3D4-E5F6-4A7B-8C9D-0E1F2A3B4C5D}.Debug|Any CPU.ActiveCfg = Debug|Any CPU
		{A1B2C3D4-E5F6-4A7B-8C9D-0E1F2A3B4C5D}.Debug|Any CPU.Build.0 = Debug|Any CPU
		{A1B2C3D4-E5F6-4A7B-8C9D-0E1F2A3B4C5D}.Debug|x64.ActiveCfg = Debug|Any CPU
		{A1B2C3D4-E5F6-4A7B-8C9D-0E1F2A3B4C5D}.Debug|x64.Build.0 = Debug|Any CPU
		{A1B2C3D4-E5F6-4A7B-8C9D-0E1F2A3B4C5D}.Debug|x86.ActiveCfg = Debug|Any CPU
		{A1B2C3D4-E5F6-4A7B-8C9D-0E1F2A3B4C5D}.Debug|x86.Build.0 = Debug|Any CPU
		{A1B2C3D4-E5F6-4A7B-8C9D-0E1F2A3B4C5D}.Release|Any CPU.ActiveCfg = Release|Any CPU
		{A1B2C3D4-E5F6-4A7B-8C9D-0E1F2A3B4C5D}.Release|Any CPU.Build.0 = Release|Any CPU
		{A1B2C3D4-E5F6-4A7B-8C9D-0E1F2A3B4C5D}.Release|x64.ActiveCfg = Release|Any CPU
		{A1B2C3D4-E5F6-4A7B-8C9D-0E1F2A3B4C5D}.Release|x64.Build.0 = Release|Any CPU
		{A1B2C3D4-E5F6-4A7B-8C9D-0E1F2A3B4C5D}.Release|x86.ActiveCfg = Release|Any CPU
		{A1B2C3D4-E5F6-4A7B-8C9D-0E1F2A3B4C5D}.Release|x86.Build.0 = Release|Any CPU
		{F1E2D3C4-B5A6-4978-8C9D-0E1F2A3B4C5E}.Debug|Any CPU.ActiveCfg = Debug|Any CPU
		{F1E2D3C4-B5A6-4978-8C9D-0E1F2A3B4C5E}.Debug|Any CPU.Build.0 = Debug|Any CPU
		{F1E2D3C4-B5A6-4978-8C9D-0E1F2A3B4C5E}.Debug|x64.ActiveCfg = Debug|Any CPU
		{F1E2D3C4-B5A6-4978-8C9D-0E1F2A3B4C5E}.Debug|x64.Build.0 = Debug|Any CPU
		{F1E2D3C4-B5A6-4978-8C9D-0E1F2A3B4C5E}.Debug|x86.ActiveCfg = Debug|Any CPU
		{F1E2D3C4-B5A6-4978-8C9D-0E1F2A3B4C5E}.Debug|x86.Build.0 = Debug|Any CPU
		{F1E2D3C4-B5A6-4978-8C9D-0E1F2A3B4C5E}.Release|Any CPU.ActiveCfg = Release|Any CPU
		{F1E2D3C4-B5A6-4978-8C9D-0E1F2A3B4C5E}.Release|Any CPU.Build.0 = Release|Any CPU
		{F1E2D3C4-B5A6-4978-8C9D-0E1F2A3B4C5E}.Release|x64.ActiveCfg = Release|Any CPU
		{F1E2D3C4-B5A6-4978-8C9D-0E1F2A3B4C5E}.Release|x64.Build.0 = Release|Any CPU
		{F1E2D3C4-B5A6-4978-8C9D-0E1F2A3B4C5E}.Release|x86.ActiveCfg = Release|Any CPU
		{F1E2D3C4-B5A6-4978-8C9D-0E1F2A3B4C5E}.Release|x86.Build.0 = Release|Any CPU
		{E1D2C3B4-A596-4877-9C8D-1E0F3A2B5C4F}.Debug|Any CPU.ActiveCfg = Debug|Any CPU
		{E1D2C3B4-A596-4877-9C8D-1E0F3A2B5C4F}.Debug|Any CPU.Build.0 = Debug|Any CPU
		{E1D2C3B4-A596-4877-9C8D-1E0F3A2B5C4F}.Debug|x64.ActiveCfg = Debug|Any CPU
		{E1D2C3B4-A596-4877-9C8D-1E0F3A2B5C4F}.Debug|x64.Build.0 = Debug|Any CPU
		{E1D2C3B4-A596-4877-9C8D-1E0F3A2B5C4F}.Debug|x86.ActiveCfg = Debug|Any CPU
		{E1D2C3B4-A596-4877-9C8D-1E0F3A2B5C4F}.Debug|x86.Build.0 = Debug|Any CPU
		{E1D2C3B4-A596-4877-9C8D-1E0F3A2B5C4F}.Release|Any CPU.ActiveCfg = Release|Any CPU
		{E1D2C3B4-A596-4877-9C8D-1E0F3A2B5C4F}.Release|Any CPU.Build.0 = Release|Any CPU
		{E1D2C3B4-A596-4877-9C8D-1E0F3A2B5C4F}.Release|x64.ActiveCfg = Release|Any CPU
		{E1D2C3B4-A596-4877-9C8D-1E0F3A2B5C4F}.Release|x64.Build.0 = Release|Any CPU
		{E1D2C3B4-A596-4877-9C8D-1E0F3A2B5C4F}.Release|x86.ActiveCfg = Release|Any CPU
		{E1D2C3B4-A596-4877-9C8D-1E0F3A2B5C4F}.Release|x86.Build.0 = Release|Any CPU
		{1E4AAE36-FB59-4B6A-B117-3795A4CC2C1F}.Debug|Any CPU.ActiveCfg = Debug|Any CPU
		{1E4AAE36-FB59-4B6A-B117-3795A4CC2C1F}.Debug|Any CPU.Build.0 = Debug|Any CPU
		{1E4AAE36-FB59-4B6A-B117-3795A4CC2C1F}.Debug|x64.ActiveCfg = Debug|Any CPU
		{1E4AAE36-FB59-4B6A-B117-3795A4CC2C1F}.Debug|x64.Build.0 = Debug|Any CPU
		{1E4AAE36-FB59-4B6A-B117-3795A4CC2C1F}.Debug|x86.ActiveCfg = Debug|Any CPU
		{1E4AAE36-FB59-4B6A-B117-3795A4CC2C1F}.Debug|x86.Build.0 = Debug|Any CPU
		{1E4AAE36-FB59-4B6A-B117-3795A4CC2C1F}.Release|Any CPU.ActiveCfg = Release|Any CPU
		{1E4AAE36-FB59-4B6A-B117-3795A4CC2C1F}.Release|Any CPU.Build.0 = Release|Any CPU
		{1E4AAE36-FB59-4B6A-B117-3795A4CC2C1F}.Release|x64.ActiveCfg = Release|Any CPU
		{1E4AAE36-FB59-4B6A-B117-3795A4CC2C1F}.Release|x64.Build.0 = Release|Any CPU
		{1E4AAE36-FB59-4B6A-B117-3795A4CC2C1F}.Release|x86.ActiveCfg = Release|Any CPU
		{1E4AAE36-FB59-4B6A-B117-3795A4CC2C1F}.Release|x86.Build.0 = Release|Any CPU
		{3D9333ED-213F-4A95-A650-94D450BA0243}.Debug|Any CPU.ActiveCfg = Debug|Any CPU
		{3D9333ED-213F-4A95-A650-94D450BA0243}.Debug|Any CPU.Build.0 = Debug|Any CPU
		{3D9333ED-213F-4A95-A650-94D450BA0243}.Debug|x64.ActiveCfg = Debug|Any CPU
		{3D9333ED-213F-4A95-A650-94D450BA0243}.Debug|x64.Build.0 = Debug|Any CPU
		{3D9333ED-213F-4A95-A650-94D450BA0243}.Debug|x86.ActiveCfg = Debug|Any CPU
		{3D9333ED-213F-4A95-A650-94D450BA0243}.Debug|x86.Build.0 = Debug|Any CPU
		{3D9333ED-213F-4A95-A650-94D450BA0243}.Release|Any CPU.ActiveCfg = Release|Any CPU
		{3D9333ED-213F-4A95-A650-94D450BA0243}.Release|Any CPU.Build.0 = Release|Any CPU
		{3D9333ED-213F-4A95-A650-94D450BA0243}.Release|x64.ActiveCfg = Release|Any CPU
		{3D9333ED-213F-4A95-A650-94D450BA0243}.Release|x64.Build.0 = Release|Any CPU
		{3D9333ED-213F-4A95-A650-94D450BA0243}.Release|x86.ActiveCfg = Release|Any CPU
		{3D9333ED-213F-4A95-A650-94D450BA0243}.Release|x86.Build.0 = Release|Any CPU
	EndGlobalSection
	GlobalSection(SolutionProperties) = preSolution
		HideSolutionNode = FALSE
	EndGlobalSection
	GlobalSection(NestedProjects) = preSolution
		{B443EF2D-8D51-42CA-8829-A2B7F1947F7D} = {9E37D60B-4B6A-4575-BEC8-7B857A069441}
		{BBD830F9-767F-4ECF-8CAE-67C07B42666C} = {9E37D60B-4B6A-4575-BEC8-7B857A069441}
		{C8E4F2A1-9B6D-4C3E-A7F8-5D8E9C1B4A3F} = {9E37D60B-4B6A-4575-BEC8-7B857A069441}
		{D9F5B3E2-7C8F-4A6D-9E1A-4B2C8D5F6A7E} = {9E37D60B-4B6A-4575-BEC8-7B857A069441}
		{A1B2C3D4-E5F6-4A7B-8C9D-0E1F2A3B4C5D} = {9E37D60B-4B6A-4575-BEC8-7B857A069441}
		{F1E2D3C4-B5A6-4978-8C9D-0E1F2A3B4C5E} = {9E37D60B-4B6A-4575-BEC8-7B857A069441}
		{E1D2C3B4-A596-4877-9C8D-1E0F3A2B5C4F} = {9E37D60B-4B6A-4575-BEC8-7B857A069441}
		{3D9333ED-213F-4A95-A650-94D450BA0243} = {9E37D60B-4B6A-4575-BEC8-7B857A069441}
	EndGlobalSection
EndGlobal
